
Microsoft Visual Studio Solution File, Format Version 12.00
# Visual Studio Version 17
VisualStudioVersion = 17.1.32210.238
MinimumVisualStudioVersion = 10.0.40219.1
Project("{FAE04EC0-301F-11D3-BF4B-00C04F79EFBC}") = "FilterArrayByAnthorArray", "FilterArrayByAnthorArray\FilterArrayByAnthorArray.csproj", "{0EBE384E-BB24-4066-8C34-562CC70F62DE}"
EndProject
Global
	GlobalSection(SolutionConfigurationPlatforms) = preSolution
		Debug|Any CPU = Debug|Any CPU
		Release|Any CPU = Release|Any CPU
	EndGlobalSection
	GlobalSection(ProjectConfigurationPlatforms) = postSolution
		{0EBE384E-BB24-4066-8C34-562CC70F62DE}.Debug|Any CPU.ActiveCfg = Debug|Any CPU
		{0EBE384E-BB24-4066-8C34-562CC70F62DE}.Debug|Any CPU.Build.0 = Debug|Any CPU
		{0EBE384E-BB24-4066-8C34-562CC70F62DE}.Release|Any CPU.ActiveCfg = Release|Any CPU
		{0EBE384E-BB24-4066-8C34-562CC70F62DE}.Release|Any CPU.Build.0 = Release|Any CPU
	EndGlobalSection
	GlobalSection(SolutionProperties) = preSolution
		HideSolutionNode = FALSE
	EndGlobalSection
	GlobalSection(ExtensibilityGlobals) = postSolution
		SolutionGuid = {75DB9408-71A8-4C7C-AF60-90D91B83E266}
	EndGlobalSection
EndGlobal
